// !$*UTF8*$!
{
	archiveVersion = 1;
	classes = {
	};
	objectVersion = 46;
	objects = {

/* Begin PBXBuildFile section */
		59A2C6CC1426B32500F7CAD5 /* UIKit.framework in Frameworks */ = {isa = PBXBuildFile; fileRef = 59A2C6CB1426B32500F7CAD5 /* UIKit.framework */; };
		59A2C6CE1426B32500F7CAD5 /* Foundation.framework in Frameworks */ = {isa = PBXBuildFile; fileRef = 59A2C6CD1426B32500F7CAD5 /* Foundation.framework */; };
		59A2C6D01426B32500F7CAD5 /* CoreGraphics.framework in Frameworks */ = {isa = PBXBuildFile; fileRef = 59A2C6CF1426B32500F7CAD5 /* CoreGraphics.framework */; };
		59A2C6D61426B32500F7CAD5 /* InfoPlist.strings in Resources */ = {isa = PBXBuildFile; fileRef = 59A2C6D41426B32500F7CAD5 /* InfoPlist.strings */; };
		59A2C6D81426B32500F7CAD5 /* main.m in Sources */ = {isa = PBXBuildFile; fileRef = 59A2C6D71426B32500F7CAD5 /* main.m */; };
		59A2C6DC1426B32500F7CAD5 /* SAAppDelegate.m in Sources */ = {isa = PBXBuildFile; fileRef = 59A2C6DB1426B32500F7CAD5 /* SAAppDelegate.m */; };
/* End PBXBuildFile section */

/* Begin PBXFileReference section */
		59A2C6C71426B32500F7CAD5 /* SquareApp.app */ = {isa = PBXFileReference; explicitFileType = wrapper.application; includeInIndex = 0; path = SquareApp.app; sourceTree = BUILT_PRODUCTS_DIR; };
		59A2C6CB1426B32500F7CAD5 /* UIKit.framework */ = {isa = PBXFileReference; lastKnownFileType = wrapper.framework; name = UIKit.framework; path = System/Library/Frameworks/UIKit.framework; sourceTree = SDKROOT; };
		59A2C6CD1426B32500F7CAD5 /* Foundation.framework */ = {isa = PBXFileReference; lastKnownFileType = wrapper.framework; name = Foundation.framework; path = System/Library/Frameworks/Foundation.framework; sourceTree = SDKROOT; };
		59A2C6CF1426B32500F7CAD5 /* CoreGraphics.framework */ = {isa = PBXFileReference; lastKnownFileType = wrapper.framework; name = CoreGraphics.framework; path = System/Library/Frameworks/CoreGraphics.framework; sourceTree = SDKROOT; };
		59A2C6D31426B32500F7CAD5 /* SquareApp-Info.plist */ = {isa = PBXFileReference; path = "SquareApp-Info.plist"; sourceTree = "<group>"; };
		59A2C6D51426B32500F7CAD5 /* en */ = {isa = PBXFileReference; lastKnownFileType = text.plist.strings; name = en; path = en.lproj/InfoPlist.strings; sourceTree = "<group>"; };
		59A2C6D71426B32500F7CAD5 /* main.m */ = {isa = PBXFileReference; lastKnownFileType = sourcecode.c.objc; path = main.m; sourceTree = "<group>"; };
		59A2C6D91426B32500F7CAD5 /* SquareApp-Prefix.pch */ = {isa = PBXFileReference; path = "SquareApp-Prefix.pch"; sourceTree = "<group>"; };
		59A2C6DA1426B32500F7CAD5 /* SAAppDelegate.h */ = {isa = PBXFileReference; path = SAAppDelegate.h; sourceTree = "<group>"; };
		59A2C6DB1426B32500F7CAD5 /* SAAppDelegate.m */ = {isa = PBXFileReference; lastKnownFileType = sourcecode.c.objc; path = SAAppDelegate.m; sourceTree = "<group>"; };
/* End PBXFileReference section */

/* Begin PBXFrameworksBuildPhase section */
		59A2C6C41426B32500F7CAD5 /* Frameworks */ = {
			isa = PBXFrameworksBuildPhase;
			buildActionMask = 2147483647;
			files = (
				59A2C6CC1426B32500F7CAD5 /* UIKit.framework in Frameworks */,
				59A2C6CE1426B32500F7CAD5 /* Foundation.framework in Frameworks */,
				59A2C6D01426B32500F7CAD5 /* CoreGraphics.framework in Frameworks */,
			);
			runOnlyForDeploymentPostprocessing = 0;
		};
/* End PBXFrameworksBuildPhase section */

/* Begin PBXGroup section */
		59A2C6BC1426B32500F7CAD5 = {
			isa = PBXGroup;
			children = (
				59A2C6D11426B32500F7CAD5 /* SquareApp */,
				59A2C6CA1426B32500F7CAD5 /* Frameworks */,
				59A2C6C81426B32500F7CAD5 /* Products */,
			);
			sourceTree = "<group>";
		};
		59A2C6C81426B32500F7CAD5 /* Products */ = {
			isa = PBXGroup;
			children = (
				59A2C6C71426B32500F7CAD5 /* SquareApp.app */,
			);
			name = Products;
			sourceTree = "<group>";
		};
		59A2C6CA1426B32500F7CAD5 /* Frameworks */ = {
			isa = PBXGroup;
			children = (
				59A2C6CB1426B32500F7CAD5 /* UIKit.framework */,
				59A2C6CD1426B32500F7CAD5 /* Foundation.framework */,
				59A2C6CF1426B32500F7CAD5 /* CoreGraphics.framework */,
			);
			name = Frameworks;
			sourceTree = "<group>";
		};
		59A2C6D11426B32500F7CAD5 /* SquareApp */ = {
			isa = PBXGroup;
			children = (
				59A2C6DA1426B32500F7CAD5 /* SAAppDelegate.h */,
				59A2C6DB1426B32500F7CAD5 /* SAAppDelegate.m */,
				59A2C6D21426B32500F7CAD5 /* Supporting Files */,
			);
			path = SquareApp;
			sourceTree = "<group>";
		};
		59A2C6D21426B32500F7CAD5 /* Supporting Files */ = {
			isa = PBXGroup;
			children = (
				59A2C6D31426B32500F7CAD5 /* SquareApp-Info.plist */,
				59A2C6D41426B32500F7CAD5 /* InfoPlist.strings */,
				59A2C6D71426B32500F7CAD5 /* main.m */,
				59A2C6D91426B32500F7CAD5 /* SquareApp-Prefix.pch */,
			);
			name = "Supporting Files";
			sourceTree = "<group>";
		};
/* End PBXGroup section */

/* Begin PBXNativeTarget section */
		59A2C6C61426B32500F7CAD5 /* SquareApp */ = {
			isa = PBXNativeTarget;
			buildConfigurationList = 59A2C6DF1426B32500F7CAD5 /* Build configuration list for PBXNativeTarget "SquareApp" */;
			buildPhases = (
				59A2C6C31426B32500F7CAD5 /* Sources */,
				59A2C6C41426B32500F7CAD5 /* Frameworks */,
				59A2C6C51426B32500F7CAD5 /* Resources */,
			);
			buildRules = (
			);
			dependencies = (
			);
			name = SquareApp;
			productName = SquareApp;
			productReference = 59A2C6C71426B32500F7CAD5 /* SquareApp.app */;
			productType = "com.apple.product-type.application";
		};
/* End PBXNativeTarget section */

/* Begin PBXProject section */
		59A2C6BE1426B32500F7CAD5 /* Project object */ = {
			isa = PBXProject;
			attributes = {
				LastUpgradeCheck = 0420;
			};
			buildConfigurationList = 59A2C6C11426B32500F7CAD5 /* Build configuration list for PBXProject "SquareApp" */;
			compatibilityVersion = "Xcode 3.2";
			developmentRegion = English;
			hasScannedForEncodings = 0;
			knownRegions = (
				en,
			);
			mainGroup = 59A2C6BC1426B32500F7CAD5;
			productRefGroup = 59A2C6C81426B32500F7CAD5 /* Products */;
			projectDirPath = "";
			projectRoot = "";
			targets = (
				59A2C6C61426B32500F7CAD5 /* SquareApp */,
			);
		};
/* End PBXProject section */

/* Begin PBXResourcesBuildPhase section */
		59A2C6C51426B32500F7CAD5 /* Resources */ = {
			isa = PBXResourcesBuildPhase;
			buildActionMask = 2147483647;
			files = (
				59A2C6D61426B32500F7CAD5 /* InfoPlist.strings in Resources */,
			);
			runOnlyForDeploymentPostprocessing = 0;
		};
/* End PBXResourcesBuildPhase section */

/* Begin PBXSourcesBuildPhase section */
		59A2C6C31426B32500F7CAD5 /* Sources */ = {
			isa = PBXSourcesBuildPhase;
			buildActionMask = 2147483647;
			files = (
				59A2C6D81426B32500F7CAD5 /* main.m in Sources */,
				59A2C6DC1426B32500F7CAD5 /* SAAppDelegate.m in Sources */,
			);
			runOnlyForDeploymentPostprocessing = 0;
		};
/* End PBXSourcesBuildPhase section */

/* Begin PBXVariantGroup section */
		59A2C6D41426B32500F7CAD5 /* InfoPlist.strings */ = {
			isa = PBXVariantGroup;
			children = (
				59A2C6D51426B32500F7CAD5 /* en */,
			);
			name = InfoPlist.strings;
			sourceTree = "<group>";
		};
/* End PBXVariantGroup section */

/* Begin XCBuildConfiguration section */
		59A2C6DD1426B32500F7CAD5 /* Debug */ = {
			isa = XCBuildConfiguration;
			buildSettings = {
				ALWAYS_SEARCH_USER_PATHS = NO;
				ARCHS = "$(ARCHS_STANDARD_32_BIT)";
				"CODE_SIGN_IDENTITY[sdk=iphoneos*]" = "iPhone Developer";
				COPY_PHASE_STRIP = NO;
				GCC_C_LANGUAGE_STANDARD = gnu99;
				GCC_DYNAMIC_NO_PIC = NO;
				GCC_OPTIMIZATION_LEVEL = 0;
				GCC_PREPROCESSOR_DEFINITIONS = (
					"DEBUG=1",
					"$(inherited)",
				);
				GCC_SYMBOLS_PRIVATE_EXTERN = NO;
				GCC_VERSION = com.apple.compilers.llvm.clang.1_0;
				GCC_WARN_ABOUT_MISSING_PROTOTYPES = YES;
				GCC_WARN_ABOUT_RETURN_TYPE = YES;
				GCC_WARN_UNUSED_VARIABLE = YES;
				IPHONEOS_DEPLOYMENT_TARGET = 5.0;
				SDKROOT = iphoneos;
				TARGETED_DEVICE_FAMILY = "1,2";
			};
			name = Debug;
		};
		59A2C6DE1426B32500F7CAD5 /* Release */ = {
			isa = XCBuildConfiguration;
			buildSettings = {
				ALWAYS_SEARCH_USER_PATHS = NO;
				ARCHS = "$(ARCHS_STANDARD_32_BIT)";
				"CODE_SIGN_IDENTITY[sdk=iphoneos*]" = "iPhone Developer";
				COPY_PHASE_STRIP = YES;
				GCC_C_LANGUAGE_STANDARD = gnu99;
				GCC_VERSION = com.apple.compilers.llvm.clang.1_0;
				GCC_WARN_ABOUT_MISSING_PROTOTYPES = YES;
				GCC_WARN_ABOUT_RETURN_TYPE = YES;
				GCC_WARN_UNUSED_VARIABLE = YES;
				IPHONEOS_DEPLOYMENT_TARGET = 5.0;
				OTHER_CFLAGS = "-DNS_BLOCK_ASSERTIONS=1";
				SDKROOT = iphoneos;
				TARGETED_DEVICE_FAMILY = "1,2";
				VALIDATE_PRODUCT = YES;
			};
			name = Release;
		};
		59A2C6E01426B32500F7CAD5 /* Debug */ = {
			isa = XCBuildConfiguration;
			buildSettings = {
				GCC_PRECOMPILE_PREFIX_HEADER = YES;
				GCC_PREFIX_HEADER = "SquareApp/SquareApp-Prefix.pch";
				INFOPLIST_FILE = "SquareApp/SquareApp-Info.plist";
				PRODUCT_NAME = "$(TARGET_NAME)";
				WRAPPER_EXTENSION = app;
			};
			name = Debug;
		};
		59A2C6E11426B32500F7CAD5 /* Release */ = {
			isa = XCBuildConfiguration;
			buildSettings = {
				GCC_PRECOMPILE_PREFIX_HEADER = YES;
				GCC_PREFIX_HEADER = "SquareApp/SquareApp-Prefix.pch";
				INFOPLIST_FILE = "SquareApp/SquareApp-Info.plist";
				PRODUCT_NAME = "$(TARGET_NAME)";
				WRAPPER_EXTENSION = app;
			};
			name = Release;
		};
/* End XCBuildConfiguration section */

/* Begin XCConfigurationList section */
		59A2C6C11426B32500F7CAD5 /* Build configuration list for PBXProject "SquareApp" */ = {
			isa = XCConfigurationList;
			buildConfigurations = (
				59A2C6DD1426B32500F7CAD5 /* Debug */,
				59A2C6DE1426B32500F7CAD5 /* Release */,
			);
			defaultConfigurationIsVisible = 0;
			defaultConfigurationName = Release;
		};
		59A2C6DF1426B32500F7CAD5 /* Build configuration list for PBXNativeTarget "SquareApp" */ = {
			isa = XCConfigurationList;
			buildConfigurations = (
				59A2C6E01426B32500F7CAD5 /* Debug */,
				59A2C6E11426B32500F7CAD5 /* Release */,
			);
			defaultConfigurationIsVisible = 0;
		};
/* End XCConfigurationList section */
	};
	rootObject = 59A2C6BE1426B32500F7CAD5 /* Project object */;
}
